
Microsoft Visual Studio Solution File, Format Version 12.00
# Visual Studio Version 17
VisualStudioVersion = 17.9.34622.214
MinimumVisualStudioVersion = 10.0.40219.1
Project("{FAE04EC0-301F-11D3-BF4B-00C04F79EFBC}") = "HomeTask_1.NET", "HomeTask_1.NET.csproj", "{1C442315-F64C-473E-9C4E-85B69B7C64F6}"
EndProject
Global
	GlobalSection(SolutionConfigurationPlatforms) = preSolution
		Debug|Any CPU = Debug|Any CPU
		Release|Any CPU = Release|Any CPU
	EndGlobalSection
	GlobalSection(ProjectConfigurationPlatforms) = postSolution
		{1C442315-F64C-473E-9C4E-85B69B7C64F6}.Debug|Any CPU.ActiveCfg = Debug|Any CPU
		{1C442315-F64C-473E-9C4E-85B69B7C64F6}.Debug|Any CPU.Build.0 = Debug|Any CPU
		{1C442315-F64C-473E-9C4E-85B69B7C64F6}.Release|Any CPU.ActiveCfg = Release|Any CPU
		{1C442315-F64C-473E-9C4E-85B69B7C64F6}.Release|Any CPU.Build.0 = Release|Any CPU
	EndGlobalSection
	GlobalSection(SolutionProperties) = preSolution
		HideSolutionNode = FALSE
	EndGlobalSection
	GlobalSection(ExtensibilityGlobals) = postSolution
		SolutionGuid = {D6BCB7DA-7340-42C4-B891-8B92BB824174}
	EndGlobalSection
EndGlobal
